PODS:
  - Realm (3.14.2):
    - Realm/Headers (= 3.14.2)
  - Realm/Headers (3.14.2)
  - RealmSwift (3.14.2):
    - Realm (= 3.14.2)
  - RealmSwiftHelper (0.0.2):
    - RealmSwift (~> 3.14.1)
    - RxCocoa (~> 4.5.0)
    - RxSwift (~> 4.0)
  - RxCocoa (4.5.0):
    - RxSwift (>= 4.4.2, ~> 4.4)
  - RxSwift (4.5.0)

DEPENDENCIES:
  - RealmSwiftHelper (from `../`)

SPEC REPOS:
  trunk:
    - Realm
    - RealmSwift
    - RxCocoa
    - RxSwift

EXTERNAL SOURCES:
  RealmSwiftHelper:
    :path: "../"

SPEC CHECKSUMS:
  Realm: 179c6706e3a49dbfe112e572fd3c03d3169bea35
  RealmSwift: 1797f272fb51c555b764fada32e82159a2c65247
  RealmSwiftHelper: 996b9099ffb0a145cc2efc3ca767e52856896892
  RxCocoa: cbf70265dc65a981d4ac982e513c10cf23df24a0
  RxSwift: f172070dfd1a93d70a9ab97a5a01166206e1c575

PODFILE CHECKSUM: 2a677769b5d52c67b1bae6896b3ddb2b42b54eec

COCOAPODS: 1.9.3
