PODS:
  - Realm (3.11.1):
    - Realm/Headers (= 3.11.1)
  - Realm/Headers (3.11.1)
  - RealmSwift (3.11.1):
    - Realm (= 3.11.1)
  - RealmSwiftHelper (0.0.1):
    - RealmSwift
    - RxCocoa
    - RxSwift
  - RxCocoa (4.3.1):
    - RxSwift (~> 4.0)
  - RxSwift (4.3.1)

DEPENDENCIES:
  - RealmSwiftHelper (from `../`)

SPEC REPOS:
  https://github.com/cocoapods/specs.git:
    - Realm
    - RealmSwift
    - RxCocoa
    - RxSwift

EXTERNAL SOURCES:
  RealmSwiftHelper:
    :path: "../"

SPEC CHECKSUMS:
  Realm: 037c5919b9ceb59d6beed5d3b031096856b119b3
  RealmSwift: c9580133e73ef40ed340401af2dbc9a5790dfea7
  RealmSwiftHelper: 3d7e99ff120fa5d83e4771b97c3bb1b14c7ddc29
  RxCocoa: 78763c7b07d02455598d9fc3c1ad091a28b73635
  RxSwift: fe0fd770a43acdb7d0a53da411c9b892e69bb6e4

PODFILE CHECKSUM: 197858dfabe48f4acd26e4f2be00ae1c60e35e3f

COCOAPODS: 1.5.3
